
Microsoft Visual Studio Solution File, Format Version 12.00
# Visual Studio Version 16
VisualStudioVersion = 16.0.29806.167
MinimumVisualStudioVersion = 10.0.40219.1
Project("{FAE04EC0-301F-11D3-BF4B-00C04F79EFBC}") = "IdleCUE", "IdleCUE\IdleCUE.csproj", "{41B54561-AEDF-45FD-BFEE-D38986EF2155}"
EndProject
Global
	GlobalSection(SolutionConfigurationPlatforms) = preSolution
		Debug|Any CPU = Debug|Any CPU
		Release|Any CPU = Release|Any CPU
	EndGlobalSection
	GlobalSection(ProjectConfigurationPlatforms) = postSolution
		{41B54561-AEDF-45FD-BFEE-D38986EF2155}.Debug|Any CPU.ActiveCfg = Debug|Any CPU
		{41B54561-AEDF-45FD-BFEE-D38986EF2155}.Debug|Any CPU.Build.0 = Debug|Any CPU
		{41B54561-AEDF-45FD-BFEE-D38986EF2155}.Release|Any CPU.ActiveCfg = Release|Any CPU
		{41B54561-AEDF-45FD-BFEE-D38986EF2155}.Release|Any CPU.Build.0 = Release|Any CPU
	EndGlobalSection
	GlobalSection(SolutionProperties) = preSolution
		HideSolutionNode = FALSE
	EndGlobalSection
	GlobalSection(ExtensibilityGlobals) = postSolution
		SolutionGuid = {7C398B52-36C9-4764-96A1-AA0A3F524DFD}
	EndGlobalSection
EndGlobal
